// !$*UTF8*$!
{
	archiveVersion = 1;
	classes = {
	};
	objectVersion = 45;
	objects = {

/* Begin PBXBuildFile section */
		1D3623260D0F684500981E51 /* MQMobileAppDelegate.m in Sources */ = {isa = PBXBuildFile; fileRef = 1D3623250D0F684500981E51 /* MQMobileAppDelegate.m */; };
		1D60589B0D05DD56006BFB54 /* main.m in Sources */ = {isa = PBXBuildFile; fileRef = 29B97316FDCFA39411CA2CEA /* main.m */; };
		2514C27210084DB100A42282 /* ES1Renderer.m in Sources */ = {isa = PBXBuildFile; fileRef = 2514C26E10084DB100A42282 /* ES1Renderer.m */; };
		28AD733F0D9D9553002E5188 /* MainWindow.xib in Resources */ = {isa = PBXBuildFile; fileRef = 28AD733E0D9D9553002E5188 /* MainWindow.xib */; };
		28FD14FE0DC6FC130079059D /* EAGLView.m in Sources */ = {isa = PBXBuildFile; fileRef = 28FD14FD0DC6FC130079059D /* EAGLView.m */; };
		842D231812C247300032B6D9 /* OpenGLES.framework in Frameworks */ = {isa = PBXBuildFile; fileRef = 842D231712C247300032B6D9 /* OpenGLES.framework */; };
		842D231C12C247370032B6D9 /* UIKit.framework in Frameworks */ = {isa = PBXBuildFile; fileRef = 842D231B12C247370032B6D9 /* UIKit.framework */; };
		842D232212C2474D0032B6D9 /* Foundation.framework in Frameworks */ = {isa = PBXBuildFile; fileRef = 842D232112C2474D0032B6D9 /* Foundation.framework */; };
		842D232812C2475A0032B6D9 /* CoreGraphics.framework in Frameworks */ = {isa = PBXBuildFile; fileRef = 842D232712C2475A0032B6D9 /* CoreGraphics.framework */; };
		842D232E12C247A00032B6D9 /* QuartzCore.framework in Frameworks */ = {isa = PBXBuildFile; fileRef = 842D232D12C247A00032B6D9 /* QuartzCore.framework */; };
		842D235F12C247FE0032B6D9 /* GLMQDocument+Parser.m in Sources */ = {isa = PBXBuildFile; fileRef = 842D235912C247FE0032B6D9 /* GLMQDocument+Parser.m */; };
		842D236012C247FE0032B6D9 /* GLMQDocument+Renderer.m in Sources */ = {isa = PBXBuildFile; fileRef = 842D235A12C247FE0032B6D9 /* GLMQDocument+Renderer.m */; };
		842D236112C247FE0032B6D9 /* GLMQDocument.m in Sources */ = {isa = PBXBuildFile; fileRef = 842D235B12C247FE0032B6D9 /* GLMQDocument.m */; };
		842D236212C247FE0032B6D9 /* GLMQMaterial.m in Sources */ = {isa = PBXBuildFile; fileRef = 842D235C12C247FE0032B6D9 /* GLMQMaterial.m */; };
		842D236312C247FE0032B6D9 /* GLMQObject.m in Sources */ = {isa = PBXBuildFile; fileRef = 842D235D12C247FE0032B6D9 /* GLMQObject.m */; };
		842D236412C247FE0032B6D9 /* GLMQScene.m in Sources */ = {isa = PBXBuildFile; fileRef = 842D235E12C247FE0032B6D9 /* GLMQScene.m */; };
/* End PBXBuildFile section */

/* Begin PBXFileReference section */
		1D3623240D0F684500981E51 /* MQMobileAppDelegate.h */ = {isa = PBXFileReference; fileEncoding = 4; lastKnownFileType = sourcecode.c.h; path = MQMobileAppDelegate.h; sourceTree = "<group>"; };
		1D3623250D0F684500981E51 /* MQMobileAppDelegate.m */ = {isa = PBXFileReference; fileEncoding = 4; lastKnownFileType = sourcecode.c.objc; path = MQMobileAppDelegate.m; sourceTree = "<group>"; };
		1D6058910D05DD3D006BFB54 /* MQMobile.app */ = {isa = PBXFileReference; explicitFileType = wrapper.application; includeInIndex = 0; path = MQMobile.app; sourceTree = BUILT_PRODUCTS_DIR; };
		2514C26D10084DB100A42282 /* ES1Renderer.h */ = {isa = PBXFileReference; fileEncoding = 4; lastKnownFileType = sourcecode.c.h; path = ES1Renderer.h; sourceTree = "<group>"; };
		2514C26E10084DB100A42282 /* ES1Renderer.m */ = {isa = PBXFileReference; fileEncoding = 4; lastKnownFileType = sourcecode.c.objc; path = ES1Renderer.m; sourceTree = "<group>"; };
		2514C27110084DB100A42282 /* ESRenderer.h */ = {isa = PBXFileReference; fileEncoding = 4; lastKnownFileType = sourcecode.c.h; path = ESRenderer.h; sourceTree = "<group>"; };
		28AD733E0D9D9553002E5188 /* MainWindow.xib */ = {isa = PBXFileReference; lastKnownFileType = file.xib; path = MainWindow.xib; sourceTree = "<group>"; };
		28FD14FC0DC6FC130079059D /* EAGLView.h */ = {isa = PBXFileReference; fileEncoding = 4; lastKnownFileType = sourcecode.c.h; path = EAGLView.h; sourceTree = "<group>"; };
		28FD14FD0DC6FC130079059D /* EAGLView.m */ = {isa = PBXFileReference; fileEncoding = 4; lastKnownFileType = sourcecode.c.objc; path = EAGLView.m; sourceTree = "<group>"; };
		29B97316FDCFA39411CA2CEA /* main.m */ = {isa = PBXFileReference; fileEncoding = 4; lastKnownFileType = sourcecode.c.objc; path = main.m; sourceTree = "<group>"; };
		32CA4F630368D1EE00C91783 /* MQMobile_Prefix.pch */ = {isa = PBXFileReference; fileEncoding = 4; lastKnownFileType = sourcecode.c.h; path = MQMobile_Prefix.pch; sourceTree = "<group>"; };
		842D231712C247300032B6D9 /* OpenGLES.framework */ = {isa = PBXFileReference; lastKnownFileType = wrapper.framework; name = OpenGLES.framework; path = System/Library/Frameworks/OpenGLES.framework; sourceTree = SDKROOT; };
		842D231B12C247370032B6D9 /* UIKit.framework */ = {isa = PBXFileReference; lastKnownFileType = wrapper.framework; name = UIKit.framework; path = System/Library/Frameworks/UIKit.framework; sourceTree = SDKROOT; };
		842D232112C2474D0032B6D9 /* Foundation.framework */ = {isa = PBXFileReference; lastKnownFileType = wrapper.framework; name = Foundation.framework; path = System/Library/Frameworks/Foundation.framework; sourceTree = SDKROOT; };
		842D232712C2475A0032B6D9 /* CoreGraphics.framework */ = {isa = PBXFileReference; lastKnownFileType = wrapper.framework; name = CoreGraphics.framework; path = System/Library/Frameworks/CoreGraphics.framework; sourceTree = SDKROOT; };
		842D232D12C247A00032B6D9 /* QuartzCore.framework */ = {isa = PBXFileReference; lastKnownFileType = wrapper.framework; name = QuartzCore.framework; path = System/Library/Frameworks/QuartzCore.framework; sourceTree = SDKROOT; };
		842D234D12C247FE0032B6D9 /* GLMQ.h */ = {isa = PBXFileReference; fileEncoding = 4; lastKnownFileType = sourcecode.c.h; name = GLMQ.h; path = ../cocoa/Headers/GLMQ.h; sourceTree = SOURCE_ROOT; };
		842D234E12C247FE0032B6D9 /* GLMQDocument+Common.h */ = {isa = PBXFileReference; fileEncoding = 4; lastKnownFileType = sourcecode.c.h; name = "GLMQDocument+Common.h"; path = "../cocoa/Headers/GLMQDocument+Common.h"; sourceTree = SOURCE_ROOT; };
		842D234F12C247FE0032B6D9 /* GLMQDocument+Parser.h */ = {isa = PBXFileReference; fileEncoding = 4; lastKnownFileType = sourcecode.c.h; name = "GLMQDocument+Parser.h"; path = "../cocoa/Headers/GLMQDocument+Parser.h"; sourceTree = SOURCE_ROOT; };
		842D235012C247FE0032B6D9 /* GLMQDocument+Private.h */ = {isa = PBXFileReference; fileEncoding = 4; lastKnownFileType = sourcecode.c.h; name = "GLMQDocument+Private.h"; path = "../cocoa/Headers/GLMQDocument+Private.h"; sourceTree = SOURCE_ROOT; };
		842D235112C247FE0032B6D9 /* GLMQDocument+Renderer.h */ = {isa = PBXFileReference; fileEncoding = 4; lastKnownFileType = sourcecode.c.h; name = "GLMQDocument+Renderer.h"; path = "../cocoa/Headers/GLMQDocument+Renderer.h"; sourceTree = SOURCE_ROOT; };
		842D235212C247FE0032B6D9 /* GLMQDocument.h */ = {isa = PBXFileReference; fileEncoding = 4; lastKnownFileType = sourcecode.c.h; name = GLMQDocument.h; path = ../cocoa/Headers/GLMQDocument.h; sourceTree = SOURCE_ROOT; };
		842D235312C247FE0032B6D9 /* GLMQMaterial+Private.h */ = {isa = PBXFileReference; fileEncoding = 4; lastKnownFileType = sourcecode.c.h; name = "GLMQMaterial+Private.h"; path = "../cocoa/Headers/GLMQMaterial+Private.h"; sourceTree = SOURCE_ROOT; };
		842D235412C247FE0032B6D9 /* GLMQMaterial.h */ = {isa = PBXFileReference; fileEncoding = 4; lastKnownFileType = sourcecode.c.h; name = GLMQMaterial.h; path = ../cocoa/Headers/GLMQMaterial.h; sourceTree = SOURCE_ROOT; };
		842D235512C247FE0032B6D9 /* GLMQObject+Private.h */ = {isa = PBXFileReference; fileEncoding = 4; lastKnownFileType = sourcecode.c.h; name = "GLMQObject+Private.h"; path = "../cocoa/Headers/GLMQObject+Private.h"; sourceTree = SOURCE_ROOT; };
		842D235612C247FE0032B6D9 /* GLMQObject.h */ = {isa = PBXFileReference; fileEncoding = 4; lastKnownFileType = sourcecode.c.h; name = GLMQObject.h; path = ../cocoa/Headers/GLMQObject.h; sourceTree = SOURCE_ROOT; };
		842D235712C247FE0032B6D9 /* GLMQScene.h */ = {isa = PBXFileReference; fileEncoding = 4; lastKnownFileType = sourcecode.c.h; name = GLMQScene.h; path = ../cocoa/Headers/GLMQScene.h; sourceTree = SOURCE_ROOT; };
		842D235912C247FE0032B6D9 /* GLMQDocument+Parser.m */ = {isa = PBXFileReference; fileEncoding = 4; lastKnownFileType = sourcecode.c.objc; name = "GLMQDocument+Parser.m"; path = "../cocoa/Sources/GLMQDocument+Parser.m"; sourceTree = SOURCE_ROOT; };
		842D235A12C247FE0032B6D9 /* GLMQDocument+Renderer.m */ = {isa = PBXFileReference; fileEncoding = 4; lastKnownFileType = sourcecode.c.objc; name = "GLMQDocument+Renderer.m"; path = "../cocoa/Sources/GLMQDocument+Renderer.m"; sourceTree = SOURCE_ROOT; };
		842D235B12C247FE0032B6D9 /* GLMQDocument.m */ = {isa = PBXFileReference; fileEncoding = 4; lastKnownFileType = sourcecode.c.objc; name = GLMQDocument.m; path = ../cocoa/Sources/GLMQDocument.m; sourceTree = SOURCE_ROOT; };
		842D235C12C247FE0032B6D9 /* GLMQMaterial.m */ = {isa = PBXFileReference; fileEncoding = 4; lastKnownFileType = sourcecode.c.objc; name = GLMQMaterial.m; path = ../cocoa/Sources/GLMQMaterial.m; sourceTree = SOURCE_ROOT; };
		842D235D12C247FE0032B6D9 /* GLMQObject.m */ = {isa = PBXFileReference; fileEncoding = 4; lastKnownFileType = sourcecode.c.objc; name = GLMQObject.m; path = ../cocoa/Sources/GLMQObject.m; sourceTree = SOURCE_ROOT; };
		842D235E12C247FE0032B6D9 /* GLMQScene.m */ = {isa = PBXFileReference; fileEncoding = 4; lastKnownFileType = sourcecode.c.objc; name = GLMQScene.m; path = ../cocoa/Sources/GLMQScene.m; sourceTree = SOURCE_ROOT; };
		8D1107310486CEB800E47090 /* MQMobile-Info.plist */ = {isa = PBXFileReference; fileEncoding = 4; lastKnownFileType = text.plist.xml; path = "MQMobile-Info.plist"; plistStructureDefinitionIdentifier = "com.apple.xcode.plist.structure-definition.iphone.info-plist"; sourceTree = "<group>"; };
/* End PBXFileReference section */

/* Begin PBXFrameworksBuildPhase section */
		1D60588F0D05DD3D006BFB54 /* Frameworks */ = {
			isa = PBXFrameworksBuildPhase;
			buildActionMask = 2147483647;
			files = (
				842D231812C247300032B6D9 /* OpenGLES.framework in Frameworks */,
				842D231C12C247370032B6D9 /* UIKit.framework in Frameworks */,
				842D232212C2474D0032B6D9 /* Foundation.framework in Frameworks */,
				842D232812C2475A0032B6D9 /* CoreGraphics.framework in Frameworks */,
				842D232E12C247A00032B6D9 /* QuartzCore.framework in Frameworks */,
			);
			runOnlyForDeploymentPostprocessing = 0;
		};
/* End PBXFrameworksBuildPhase section */

/* Begin PBXGroup section */
		080E96DDFE201D6D7F000001 /* Classes */ = {
			isa = PBXGroup;
			children = (
				842D233312C247CB0032B6D9 /* Headers */,
				842D233F12C247CB0032B6D9 /* Sources */,
				840A03A31069369700875088 /* GLMQ */,
				2514C26D10084DB100A42282 /* ES1Renderer.h */,
				2514C26E10084DB100A42282 /* ES1Renderer.m */,
				2514C27110084DB100A42282 /* ESRenderer.h */,
				28FD14FC0DC6FC130079059D /* EAGLView.h */,
				28FD14FD0DC6FC130079059D /* EAGLView.m */,
				1D3623240D0F684500981E51 /* MQMobileAppDelegate.h */,
				1D3623250D0F684500981E51 /* MQMobileAppDelegate.m */,
			);
			path = Classes;
			sourceTree = "<group>";
		};
		19C28FACFE9D520D11CA2CBB /* Products */ = {
			isa = PBXGroup;
			children = (
				1D6058910D05DD3D006BFB54 /* MQMobile.app */,
			);
			name = Products;
			sourceTree = "<group>";
		};
		29B97314FDCFA39411CA2CEA /* CustomTemplate */ = {
			isa = PBXGroup;
			children = (
				842D236512C248050032B6D9 /* GLMQ */,
				080E96DDFE201D6D7F000001 /* Classes */,
				29B97315FDCFA39411CA2CEA /* Other Sources */,
				29B97317FDCFA39411CA2CEA /* Resources */,
				29B97323FDCFA39411CA2CEA /* Frameworks */,
				19C28FACFE9D520D11CA2CBB /* Products */,
			);
			name = CustomTemplate;
			sourceTree = "<group>";
		};
		29B97315FDCFA39411CA2CEA /* Other Sources */ = {
			isa = PBXGroup;
			children = (
				32CA4F630368D1EE00C91783 /* MQMobile_Prefix.pch */,
				29B97316FDCFA39411CA2CEA /* main.m */,
			);
			name = "Other Sources";
			sourceTree = "<group>";
		};
		29B97317FDCFA39411CA2CEA /* Resources */ = {
			isa = PBXGroup;
			children = (
				28AD733E0D9D9553002E5188 /* MainWindow.xib */,
				8D1107310486CEB800E47090 /* MQMobile-Info.plist */,
			);
			name = Resources;
			sourceTree = "<group>";
		};
		29B97323FDCFA39411CA2CEA /* Frameworks */ = {
			isa = PBXGroup;
			children = (
				842D231712C247300032B6D9 /* OpenGLES.framework */,
				842D231B12C247370032B6D9 /* UIKit.framework */,
				842D232112C2474D0032B6D9 /* Foundation.framework */,
				842D232712C2475A0032B6D9 /* CoreGraphics.framework */,
				842D232D12C247A00032B6D9 /* QuartzCore.framework */,
			);
			name = Frameworks;
			sourceTree = "<group>";
		};
		840A03A31069369700875088 /* GLMQ */ = {
			isa = PBXGroup;
			children = (
			);
			name = GLMQ;
			sourceTree = "<group>";
		};
		842D233312C247CB0032B6D9 /* Headers */ = {
			isa = PBXGroup;
			children = (
			);
			name = Headers;
			path = ../cocoa/Headers;
			sourceTree = SOURCE_ROOT;
		};
		842D233F12C247CB0032B6D9 /* Sources */ = {
			isa = PBXGroup;
			children = (
			);
			name = Sources;
			path = ../cocoa/Sources;
			sourceTree = SOURCE_ROOT;
		};
		842D234C12C247FE0032B6D9 /* Headers */ = {
			isa = PBXGroup;
			children = (
				842D234D12C247FE0032B6D9 /* GLMQ.h */,
				842D234E12C247FE0032B6D9 /* GLMQDocument+Common.h */,
				842D234F12C247FE0032B6D9 /* GLMQDocument+Parser.h */,
				842D235012C247FE0032B6D9 /* GLMQDocument+Private.h */,
				842D235112C247FE0032B6D9 /* GLMQDocument+Renderer.h */,
				842D235212C247FE0032B6D9 /* GLMQDocument.h */,
				842D235312C247FE0032B6D9 /* GLMQMaterial+Private.h */,
				842D235412C247FE0032B6D9 /* GLMQMaterial.h */,
				842D235512C247FE0032B6D9 /* GLMQObject+Private.h */,
				842D235612C247FE0032B6D9 /* GLMQObject.h */,
				842D235712C247FE0032B6D9 /* GLMQScene.h */,
			);
			name = Headers;
			path = ../cocoa/Headers;
			sourceTree = SOURCE_ROOT;
		};
		842D235812C247FE0032B6D9 /* Sources */ = {
			isa = PBXGroup;
			children = (
				842D235912C247FE0032B6D9 /* GLMQDocument+Parser.m */,
				842D235A12C247FE0032B6D9 /* GLMQDocument+Renderer.m */,
				842D235B12C247FE0032B6D9 /* GLMQDocument.m */,
				842D235C12C247FE0032B6D9 /* GLMQMaterial.m */,
				842D235D12C247FE0032B6D9 /* GLMQObject.m */,
				842D235E12C247FE0032B6D9 /* GLMQScene.m */,
			);
			name = Sources;
			path = ../cocoa/Sources;
			sourceTree = SOURCE_ROOT;
		};
		842D236512C248050032B6D9 /* GLMQ */ = {
			isa = PBXGroup;
			children = (
				842D234C12C247FE0032B6D9 /* Headers */,
				842D235812C247FE0032B6D9 /* Sources */,
			);
			name = GLMQ;
			sourceTree = "<group>";
		};
/* End PBXGroup section */

/* Begin PBXNativeTarget section */
		1D6058900D05DD3D006BFB54 /* MQMobile */ = {
			isa = PBXNativeTarget;
			buildConfigurationList = 1D6058960D05DD3E006BFB54 /* Build configuration list for PBXNativeTarget "MQMobile" */;
			buildPhases = (
				1D60588D0D05DD3D006BFB54 /* Resources */,
				1D60588E0D05DD3D006BFB54 /* Sources */,
				1D60588F0D05DD3D006BFB54 /* Frameworks */,
			);
			buildRules = (
			);
			dependencies = (
			);
			name = MQMobile;
			productName = MQMobile;
			productReference = 1D6058910D05DD3D006BFB54 /* MQMobile.app */;
			productType = "com.apple.product-type.application";
		};
/* End PBXNativeTarget section */

/* Begin PBXProject section */
		29B97313FDCFA39411CA2CEA /* Project object */ = {
			isa = PBXProject;
			buildConfigurationList = C01FCF4E08A954540054247B /* Build configuration list for PBXProject "MQMobile" */;
			compatibilityVersion = "Xcode 3.1";
			developmentRegion = English;
			hasScannedForEncodings = 1;
			knownRegions = (
				English,
				Japanese,
				French,
				German,
			);
			mainGroup = 29B97314FDCFA39411CA2CEA /* CustomTemplate */;
			projectDirPath = "";
			projectRoot = "";
			targets = (
				1D6058900D05DD3D006BFB54 /* MQMobile */,
			);
		};
/* End PBXProject section */

/* Begin PBXResourcesBuildPhase section */
		1D60588D0D05DD3D006BFB54 /* Resources */ = {
			isa = PBXResourcesBuildPhase;
			buildActionMask = 2147483647;
			files = (
				28AD733F0D9D9553002E5188 /* MainWindow.xib in Resources */,
			);
			runOnlyForDeploymentPostprocessing = 0;
		};
/* End PBXResourcesBuildPhase section */

/* Begin PBXSourcesBuildPhase section */
		1D60588E0D05DD3D006BFB54 /* Sources */ = {
			isa = PBXSourcesBuildPhase;
			buildActionMask = 2147483647;
			files = (
				1D60589B0D05DD56006BFB54 /* main.m in Sources */,
				1D3623260D0F684500981E51 /* MQMobileAppDelegate.m in Sources */,
				28FD14FE0DC6FC130079059D /* EAGLView.m in Sources */,
				2514C27210084DB100A42282 /* ES1Renderer.m in Sources */,
				842D235F12C247FE0032B6D9 /* GLMQDocument+Parser.m in Sources */,
				842D236012C247FE0032B6D9 /* GLMQDocument+Renderer.m in Sources */,
				842D236112C247FE0032B6D9 /* GLMQDocument.m in Sources */,
				842D236212C247FE0032B6D9 /* GLMQMaterial.m in Sources */,
				842D236312C247FE0032B6D9 /* GLMQObject.m in Sources */,
				842D236412C247FE0032B6D9 /* GLMQScene.m in Sources */,
			);
			runOnlyForDeploymentPostprocessing = 0;
		};
/* End PBXSourcesBuildPhase section */

/* Begin XCBuildConfiguration section */
		1D6058940D05DD3E006BFB54 /* Debug */ = {
			isa = XCBuildConfiguration;
			buildSettings = {
				ALWAYS_SEARCH_USER_PATHS = NO;
				COPY_PHASE_STRIP = NO;
				GCC_DYNAMIC_NO_PIC = NO;
				GCC_OPTIMIZATION_LEVEL = 0;
				GCC_PRECOMPILE_PREFIX_HEADER = YES;
				GCC_PREFIX_HEADER = MQMobile_Prefix.pch;
				"GCC_THUMB_SUPPORT[arch=armv6]" = "";
				INFOPLIST_FILE = "MQMobile-Info.plist";
				LIBRARY_SEARCH_PATHS = (
					"$(inherited)",
					"\"$(SRCROOT)/../objc-mqo/touch/build/Debug-iphonesimulator\"",
				);
				PRODUCT_NAME = MQMobile;
			};
			name = Debug;
		};
		1D6058950D05DD3E006BFB54 /* Release */ = {
			isa = XCBuildConfiguration;
			buildSettings = {
				ALWAYS_SEARCH_USER_PATHS = NO;
				COPY_PHASE_STRIP = YES;
				GCC_PRECOMPILE_PREFIX_HEADER = YES;
				GCC_PREFIX_HEADER = MQMobile_Prefix.pch;
				"GCC_THUMB_SUPPORT[arch=armv6]" = "";
				INFOPLIST_FILE = "MQMobile-Info.plist";
				LIBRARY_SEARCH_PATHS = (
					"$(inherited)",
					"\"$(SRCROOT)/../objc-mqo/touch/build/Debug-iphonesimulator\"",
				);
				PRODUCT_NAME = MQMobile;
			};
			name = Release;
		};
		C01FCF4F08A954540054247B /* Debug */ = {
			isa = XCBuildConfiguration;
			buildSettings = {
				ARCHS = "$(ARCHS_STANDARD_32_BIT)";
				CODE_SIGN_IDENTITY = "iPhone Developer";
				"CODE_SIGN_IDENTITY[sdk=iphoneos*]" = "iPhone Developer";
				GCC_C_LANGUAGE_STANDARD = c99;
				GCC_PREPROCESSOR_DEFINITIONS = DEBUG;
				GCC_WARN_ABOUT_RETURN_TYPE = YES;
				GCC_WARN_UNUSED_VARIABLE = YES;
				HEADER_SEARCH_PATHS = "$HOME/Documents/XcodeProjects/objc-mqo/touch/build/Debug-iphonesimulator/usr/local/include";
				MACOSX_DEPLOYMENT_TARGET = 10.5;
				ONLY_ACTIVE_ARCH = NO;
				PREBINDING = NO;
				PROVISIONING_PROFILE = "";
				"PROVISIONING_PROFILE[sdk=iphoneos*]" = "";
				SDKROOT = iphoneos4.1;
			};
			name = Debug;
		};
		C01FCF5008A954540054247B /* Release */ = {
			isa = XCBuildConfiguration;
			buildSettings = {
				ARCHS = "$(ARCHS_STANDARD_32_BIT)";
				CODE_SIGN_IDENTITY = "iPhone Developer";
				"CODE_SIGN_IDENTITY[sdk=iphoneos*]" = "iPhone Developer";
				GCC_C_LANGUAGE_STANDARD = c99;
				GCC_WARN_ABOUT_RETURN_TYPE = YES;
				GCC_WARN_UNUSED_VARIABLE = YES;
				HEADER_SEARCH_PATHS = "$HOME/Documents/XcodeProjects/objc-mqo/touch/build/Debug-iphonesimulator/usr/local/include";
				MACOSX_DEPLOYMENT_TARGET = 10.5;
				ONLY_ACTIVE_ARCH = NO;
				PREBINDING = NO;
				PROVISIONING_PROFILE = "";
				"PROVISIONING_PROFILE[sdk=iphoneos*]" = "";
				SDKROOT = iphoneos4.1;
			};
			name = Release;
		};
/* End XCBuildConfiguration section */

/* Begin XCConfigurationList section */
		1D6058960D05DD3E006BFB54 /* Build configuration list for PBXNativeTarget "MQMobile" */ = {
			isa = XCConfigurationList;
			buildConfigurations = (
				1D6058940D05DD3E006BFB54 /* Debug */,
				1D6058950D05DD3E006BFB54 /* Release */,
			);
			defaultConfigurationIsVisible = 0;
			defaultConfigurationName = Release;
		};
		C01FCF4E08A954540054247B /* Build configuration list for PBXProject "MQMobile" */ = {
			isa = XCConfigurationList;
			buildConfigurations = (
				C01FCF4F08A954540054247B /* Debug */,
				C01FCF5008A954540054247B /* Release */,
			);
			defaultConfigurationIsVisible = 0;
			defaultConfigurationName = Release;
		};
/* End XCConfigurationList section */
	};
	rootObject = 29B97313FDCFA39411CA2CEA /* Project object */;
}
